// !$*UTF8*$!
{
	archiveVersion = 1;
	classes = {
	};
	objectVersion = 55;
	objects = {

/* Begin PBXBuildFile section */
		CDAD6BC5279473BD0072312D /* AppDelegate.swift in Sources */ = {isa = PBXBuildFile; fileRef = CDAD6BC4279473BD0072312D /* AppDelegate.swift */; };
		CDAD6BC7279473BD0072312D /* SceneDelegate.swift in Sources */ = {isa = PBXBuildFile; fileRef = CDAD6BC6279473BD0072312D /* SceneDelegate.swift */; };
		CDAD6BCE279473BD0072312D /* Assets.xcassets in Resources */ = {isa = PBXBuildFile; fileRef = CDAD6BCD279473BD0072312D /* Assets.xcassets */; };
		CDAD6BD1279473BD0072312D /* LaunchScreen.storyboard in Resources */ = {isa = PBXBuildFile; fileRef = CDAD6BCF279473BD0072312D /* LaunchScreen.storyboard */; };
		CDAD6BD92794782C0072312D /* NewTaskSceneDelegate.swift in Sources */ = {isa = PBXBuildFile; fileRef = CDAD6BD82794782C0072312D /* NewTaskSceneDelegate.swift */; };
		CDAD6BDB27947F5A0072312D /* MainViewController.swift in Sources */ = {isa = PBXBuildFile; fileRef = CDAD6BDA27947F5A0072312D /* MainViewController.swift */; };
		CDAD6BDD279489B90072312D /* NewTaskScreen.swift in Sources */ = {isa = PBXBuildFile; fileRef = CDAD6BDC279489B90072312D /* NewTaskScreen.swift */; };
/* End PBXBuildFile section */

/* Begin PBXFileReference section */
		CDAD6BC1279473BD0072312D /* AdaptingMultipleWindows.app */ = {isa = PBXFileReference; explicitFileType = wrapper.application; includeInIndex = 0; path = AdaptingMultipleWindows.app; sourceTree = BUILT_PRODUCTS_DIR; };
		CDAD6BC4279473BD0072312D /* AppDelegate.swift */ = {isa = PBXFileReference; lastKnownFileType = sourcecode.swift; path = AppDelegate.swift; sourceTree = "<group>"; };
		CDAD6BC6279473BD0072312D /* SceneDelegate.swift */ = {isa = PBXFileReference; lastKnownFileType = sourcecode.swift; path = SceneDelegate.swift; sourceTree = "<group>"; };
		CDAD6BCD279473BD0072312D /* Assets.xcassets */ = {isa = PBXFileReference; lastKnownFileType = folder.assetcatalog; path = Assets.xcassets; sourceTree = "<group>"; };
		CDAD6BD0279473BD0072312D /* Base */ = {isa = PBXFileReference; lastKnownFileType = file.storyboard; name = Base; path = Base.lproj/LaunchScreen.storyboard; sourceTree = "<group>"; };
		CDAD6BD2279473BD0072312D /* Info.plist */ = {isa = PBXFileReference; lastKnownFileType = text.plist.xml; path = Info.plist; sourceTree = "<group>"; };
		CDAD6BD82794782C0072312D /* NewTaskSceneDelegate.swift */ = {isa = PBXFileReference; lastKnownFileType = sourcecode.swift; path = NewTaskSceneDelegate.swift; sourceTree = "<group>"; };
		CDAD6BDA27947F5A0072312D /* MainViewController.swift */ = {isa = PBXFileReference; lastKnownFileType = sourcecode.swift; path = MainViewController.swift; sourceTree = "<group>"; };
		CDAD6BDC279489B90072312D /* NewTaskScreen.swift */ = {isa = PBXFileReference; lastKnownFileType = sourcecode.swift; path = NewTaskScreen.swift; sourceTree = "<group>"; };
		CDAD6BDE2794968B0072312D /* AdaptingMultipleWindows.entitlements */ = {isa = PBXFileReference; lastKnownFileType = text.plist.entitlements; path = AdaptingMultipleWindows.entitlements; sourceTree = "<group>"; };
/* End PBXFileReference section */

/* Begin PBXFrameworksBuildPhase section */
		CDAD6BBE279473BD0072312D /* Frameworks */ = {
			isa = PBXFrameworksBuildPhase;
			buildActionMask = 2147483647;
			files = (
			);
			runOnlyForDeploymentPostprocessing = 0;
		};
/* End PBXFrameworksBuildPhase section */

/* Begin PBXGroup section */
		CDAD6BB8279473BD0072312D = {
			isa = PBXGroup;
			children = (
				CDAD6BC3279473BD0072312D /* AdaptingMultipleWindows */,
				CDAD6BC2279473BD0072312D /* Products */,
			);
			sourceTree = "<group>";
		};
		CDAD6BC2279473BD0072312D /* Products */ = {
			isa = PBXGroup;
			children = (
				CDAD6BC1279473BD0072312D /* AdaptingMultipleWindows.app */,
			);
			name = Products;
			sourceTree = "<group>";
		};
		CDAD6BC3279473BD0072312D /* AdaptingMultipleWindows */ = {
			isa = PBXGroup;
			children = (
				CDAD6BDE2794968B0072312D /* AdaptingMultipleWindows.entitlements */,
				CDAD6BC4279473BD0072312D /* AppDelegate.swift */,
				CDAD6BC6279473BD0072312D /* SceneDelegate.swift */,
				CDAD6BDA27947F5A0072312D /* MainViewController.swift */,
				CDAD6BD82794782C0072312D /* NewTaskSceneDelegate.swift */,
				CDAD6BDC279489B90072312D /* NewTaskScreen.swift */,
				CDAD6BCD279473BD0072312D /* Assets.xcassets */,
				CDAD6BCF279473BD0072312D /* LaunchScreen.storyboard */,
				CDAD6BD2279473BD0072312D /* Info.plist */,
			);
			path = AdaptingMultipleWindows;
			sourceTree = "<group>";
		};
/* End PBXGroup section */

/* Begin PBXNativeTarget section */
		CDAD6BC0279473BD0072312D /* AdaptingMultipleWindows */ = {
			isa = PBXNativeTarget;
			buildConfigurationList = CDAD6BD5279473BD0072312D /* Build configuration list for PBXNativeTarget "AdaptingMultipleWindows" */;
			buildPhases = (
				CDAD6BBD279473BD0072312D /* Sources */,
				CDAD6BBE279473BD0072312D /* Frameworks */,
				CDAD6BBF279473BD0072312D /* Resources */,
			);
			buildRules = (
			);
			dependencies = (
			);
			name = AdaptingMultipleWindows;
			productName = AdaptingMultipleWindows;
			productReference = CDAD6BC1279473BD0072312D /* AdaptingMultipleWindows.app */;
			productType = "com.apple.product-type.application";
		};
/* End PBXNativeTarget section */

/* Begin PBXProject section */
		CDAD6BB9279473BD0072312D /* Project object */ = {
			isa = PBXProject;
			attributes = {
				BuildIndependentTargetsInParallel = 1;
				LastSwiftUpdateCheck = 1320;
				LastUpgradeCheck = 1320;
				TargetAttributes = {
					CDAD6BC0279473BD0072312D = {
						CreatedOnToolsVersion = 13.2.1;
					};
				};
			};
			buildConfigurationList = CDAD6BBC279473BD0072312D /* Build configuration list for PBXProject "AdaptingMultipleWindows" */;
			compatibilityVersion = "Xcode 13.0";
			developmentRegion = en;
			hasScannedForEncodings = 0;
			knownRegions = (
				en,
				Base,
			);
			mainGroup = CDAD6BB8279473BD0072312D;
			productRefGroup = CDAD6BC2279473BD0072312D /* Products */;
			projectDirPath = "";
			projectRoot = "";
			targets = (
				CDAD6BC0279473BD0072312D /* AdaptingMultipleWindows */,
			);
		};
/* End PBXProject section */

/* Begin PBXResourcesBuildPhase section */
		CDAD6BBF279473BD0072312D /* Resources */ = {
			isa = PBXResourcesBuildPhase;
			buildActionMask = 2147483647;
			files = (
				CDAD6BD1279473BD0072312D /* LaunchScreen.storyboard in Resources */,
				CDAD6BCE279473BD0072312D /* Assets.xcassets in Resources */,
			);
			runOnlyForDeploymentPostprocessing = 0;
		};
/* End PBXResourcesBuildPhase section */

/* Begin PBXSourcesBuildPhase section */
		CDAD6BBD279473BD0072312D /* Sources */ = {
			isa = PBXSourcesBuildPhase;
			buildActionMask = 2147483647;
			files = (
				CDAD6BDD279489B90072312D /* NewTaskScreen.swift in Sources */,
				CDAD6BC5279473BD0072312D /* AppDelegate.swift in Sources */,
				CDAD6BC7279473BD0072312D /* SceneDelegate.swift in Sources */,
				CDAD6BD92794782C0072312D /* NewTaskSceneDelegate.swift in Sources */,
				CDAD6BDB27947F5A0072312D /* MainViewController.swift in Sources */,
			);
			runOnlyForDeploymentPostprocessing = 0;
		};
/* End PBXSourcesBuildPhase section */

/* Begin PBXVariantGroup section */
		CDAD6BCF279473BD0072312D /* LaunchScreen.storyboard */ = {
			isa = PBXVariantGroup;
			children = (
				CDAD6BD0279473BD0072312D /* Base */,
			);
			name = LaunchScreen.storyboard;
			sourceTree = "<group>";
		};
/* End PBXVariantGroup section */

/* Begin XCBuildConfiguration section */
		CDAD6BD3279473BD0072312D /* Debug */ = {
			isa = XCBuildConfiguration;
			buildSettings = {
				ALWAYS_SEARCH_USER_PATHS = NO;
				CLANG_ANALYZER_NONNULL = YES;
				CLANG_ANALYZER_NUMBER_OBJECT_CONVERSION = YES_AGGRESSIVE;
				CLANG_CXX_LANGUAGE_STANDARD = "gnu++17";
				CLANG_CXX_LIBRARY = "libc++";
				CLANG_ENABLE_MODULES = YES;
				CLANG_ENABLE_OBJC_ARC = YES;
				CLANG_ENABLE_OBJC_WEAK = YES;
				CLANG_WARN_BLOCK_CAPTURE_AUTORELEASING = YES;
				CLANG_WARN_BOOL_CONVERSION = YES;
				CLANG_WARN_COMMA = YES;
				CLANG_WARN_CONSTANT_CONVERSION = YES;
				CLANG_WARN_DEPRECATED_OBJC_IMPLEMENTATIONS = YES;
				CLANG_WARN_DIRECT_OBJC_ISA_USAGE = YES_ERROR;
				CLANG_WARN_DOCUMENTATION_COMMENTS = YES;
				CLANG_WARN_EMPTY_BODY = YES;
				CLANG_WARN_ENUM_CONVERSION = YES;
				CLANG_WARN_INFINITE_RECURSION = YES;
				CLANG_WARN_INT_CONVERSION = YES;
				CLANG_WARN_NON_LITERAL_NULL_CONVERSION = YES;
				CLANG_WARN_OBJC_IMPLICIT_RETAIN_SELF = YES;
				CLANG_WARN_OBJC_LITERAL_CONVERSION = YES;
				CLANG_WARN_OBJC_ROOT_CLASS = YES_ERROR;
				CLANG_WARN_QUOTED_INCLUDE_IN_FRAMEWORK_HEADER = YES;
				CLANG_WARN_RANGE_LOOP_ANALYSIS = YES;
				CLANG_WARN_STRICT_PROTOTYPES = YES;
				CLANG_WARN_SUSPICIOUS_MOVE = YES;
				CLANG_WARN_UNGUARDED_AVAILABILITY = YES_AGGRESSIVE;
				CLANG_WARN_UNREACHABLE_CODE = YES;
				CLANG_WARN__DUPLICATE_METHOD_MATCH = YES;
				COPY_PHASE_STRIP = NO;
				DEBUG_INFORMATION_FORMAT = dwarf;
				ENABLE_STRICT_OBJC_MSGSEND = YES;
				ENABLE_TESTABILITY = YES;
				GCC_C_LANGUAGE_STANDARD = gnu11;
				GCC_DYNAMIC_NO_PIC = NO;
				GCC_NO_COMMON_BLOCKS = YES;
				GCC_OPTIMIZATION_LEVEL = 0;
				GCC_PREPROCESSOR_DEFINITIONS = (
					"DEBUG=1",
					"$(inherited)",
				);
				GCC_WARN_64_TO_32_BIT_CONVERSION = YES;
				GCC_WARN_ABOUT_RETURN_TYPE = YES_ERROR;
				GCC_WARN_UNDECLARED_SELECTOR = YES;
				GCC_WARN_UNINITIALIZED_AUTOS = YES_AGGRESSIVE;
				GCC_WARN_UNUSED_FUNCTION = YES;
				GCC_WARN_UNUSED_VARIABLE = YES;
				IPHONEOS_DEPLOYMENT_TARGET = 15.0;
				MTL_ENABLE_DEBUG_INFO = INCLUDE_SOURCE;
				MTL_FAST_MATH = YES;
				ONLY_ACTIVE_ARCH = YES;
				SDKROOT = iphoneos;
				SWIFT_ACTIVE_COMPILATION_CONDITIONS = DEBUG;
				SWIFT_OPTIMIZATION_LEVEL = "-Onone";
			};
			name = Debug;
		};
		CDAD6BD4279473BD0072312D /* Release */ = {
			isa = XCBuildConfiguration;
			buildSettings = {
				ALWAYS_SEARCH_USER_PATHS = NO;
				CLANG_ANALYZER_NONNULL = YES;
				CLANG_ANALYZER_NUMBER_OBJECT_CONVERSION = YES_AGGRESSIVE;
				CLANG_CXX_LANGUAGE_STANDARD = "gnu++17";
				CLANG_CXX_LIBRARY = "libc++";
				CLANG_ENABLE_MODULES = YES;
				CLANG_ENABLE_OBJC_ARC = YES;
				CLANG_ENABLE_OBJC_WEAK = YES;
				CLANG_WARN_BLOCK_CAPTURE_AUTORELEASING = YES;
				CLANG_WARN_BOOL_CONVERSION = YES;
				CLANG_WARN_COMMA = YES;
				CLANG_WARN_CONSTANT_CONVERSION = YES;
				CLANG_WARN_DEPRECATED_OBJC_IMPLEMENTATIONS = YES;
				CLANG_WARN_DIRECT_OBJC_ISA_USAGE = YES_ERROR;
				CLANG_WARN_DOCUMENTATION_COMMENTS = YES;
				CLANG_WARN_EMPTY_BODY = YES;
				CLANG_WARN_ENUM_CONVERSION = YES;
				CLANG_WARN_INFINITE_RECURSION = YES;
				CLANG_WARN_INT_CONVERSION = YES;
				CLANG_WARN_NON_LITERAL_NULL_CONVERSION = YES;
				CLANG_WARN_OBJC_IMPLICIT_RETAIN_SELF = YES;
				CLANG_WARN_OBJC_LITERAL_CONVERSION = YES;
				CLANG_WARN_OBJC_ROOT_CLASS = YES_ERROR;
				CLANG_WARN_QUOTED_INCLUDE_IN_FRAMEWORK_HEADER = YES;
				CLANG_WARN_RANGE_LOOP_ANALYSIS = YES;
				CLANG_WARN_STRICT_PROTOTYPES = YES;
				CLANG_WARN_SUSPICIOUS_MOVE = YES;
				CLANG_WARN_UNGUARDED_AVAILABILITY = YES_AGGRESSIVE;
				CLANG_WARN_UNREACHABLE_CODE = YES;
				CLANG_WARN__DUPLICATE_METHOD_MATCH = YES;
				COPY_PHASE_STRIP = NO;
				DEBUG_INFORMATION_FORMAT = "dwarf-with-dsym";
				ENABLE_NS_ASSERTIONS = NO;
				ENABLE_STRICT_OBJC_MSGSEND = YES;
				GCC_C_LANGUAGE_STANDARD = gnu11;
				GCC_NO_COMMON_BLOCKS = YES;
				GCC_WARN_64_TO_32_BIT_CONVERSION = YES;
				GCC_WARN_ABOUT_RETURN_TYPE = YES_ERROR;
				GCC_WARN_UNDECLARED_SELECTOR = YES;
				GCC_WARN_UNINITIALIZED_AUTOS = YES_AGGRESSIVE;
				GCC_WARN_UNUSED_FUNCTION = YES;
				GCC_WARN_UNUSED_VARIABLE = YES;
				IPHONEOS_DEPLOYMENT_TARGET = 15.0;
				MTL_ENABLE_DEBUG_INFO = NO;
				MTL_FAST_MATH = YES;
				SDKROOT = iphoneos;
				SWIFT_COMPILATION_MODE = wholemodule;
				SWIFT_OPTIMIZATION_LEVEL = "-O";
				VALIDATE_PRODUCT = YES;
			};
			name = Release;
		};
		CDAD6BD6279473BD0072312D /* Debug */ = {
			isa = XCBuildConfiguration;
			buildSettings = {
				ASSETCATALOG_COMPILER_APPICON_NAME = AppIcon;
				ASSETCATALOG_COMPILER_GLOBAL_ACCENT_COLOR_NAME = AccentColor;
				CODE_SIGN_ENTITLEMENTS = AdaptingMultipleWindows/AdaptingMultipleWindows.entitlements;
				CODE_SIGN_STYLE = Automatic;
				CURRENT_PROJECT_VERSION = 1;
				DEVELOPMENT_TEAM = STZX9TT432;
				GENERATE_INFOPLIST_FILE = YES;
				INFOPLIST_FILE = AdaptingMultipleWindows/Info.plist;
				INFOPLIST_KEY_UIApplicationSupportsIndirectInputEvents = YES;
				INFOPLIST_KEY_UILaunchStoryboardName = LaunchScreen;
				INFOPLIST_KEY_UISupportedInterfaceOrientations = UIInterfaceOrientationPortrait;
				INFOPLIST_KEY_UISupportedInterfaceOrientations_iPad = "UIInterfaceOrientationPortrait UIInterfaceOrientationPortraitUpsideDown UIInterfaceOrientationLandscapeLeft UIInterfaceOrientationLandscapeRight";
				INFOPLIST_KEY_UISupportedInterfaceOrientations_iPhone = "UIInterfaceOrientationPortrait UIInterfaceOrientationLandscapeLeft UIInterfaceOrientationLandscapeRight";
				LD_RUNPATH_SEARCH_PATHS = (
					"$(inherited)",
					"@executable_path/Frameworks",
				);
				MARKETING_VERSION = 1.0;
				PRODUCT_BUNDLE_IDENTIFIER = com.vbutko.AdaptingMultipleWindows;
				PRODUCT_NAME = "$(TARGET_NAME)";
				SUPPORTS_MACCATALYST = YES;
				SUPPORTS_MAC_DESIGNED_FOR_IPHONE_IPAD = NO;
				SWIFT_EMIT_LOC_STRINGS = YES;
				SWIFT_VERSION = 5.0;
				TARGETED_DEVICE_FAMILY = "1,2,6";
			};
			name = Debug;
		};
		CDAD6BD7279473BD0072312D /* Release */ = {
			isa = XCBuildConfiguration;
			buildSettings = {
				ASSETCATALOG_COMPILER_APPICON_NAME = AppIcon;
				ASSETCATALOG_COMPILER_GLOBAL_ACCENT_COLOR_NAME = AccentColor;
				CODE_SIGN_ENTITLEMENTS = AdaptingMultipleWindows/AdaptingMultipleWindows.entitlements;
				CODE_SIGN_STYLE = Automatic;
				CURRENT_PROJECT_VERSION = 1;
				DEVELOPMENT_TEAM = STZX9TT432;
				GENERATE_INFOPLIST_FILE = YES;
				INFOPLIST_FILE = AdaptingMultipleWindows/Info.plist;
				INFOPLIST_KEY_UIApplicationSupportsIndirectInputEvents = YES;
				INFOPLIST_KEY_UILaunchStoryboardName = LaunchScreen;
				INFOPLIST_KEY_UISupportedInterfaceOrientations = UIInterfaceOrientationPortrait;
				INFOPLIST_KEY_UISupportedInterfaceOrientations_iPad = "UIInterfaceOrientationPortrait UIInterfaceOrientationPortraitUpsideDown UIInterfaceOrientationLandscapeLeft UIInterfaceOrientationLandscapeRight";
				INFOPLIST_KEY_UISupportedInterfaceOrientations_iPhone = "UIInterfaceOrientationPortrait UIInterfaceOrientationLandscapeLeft UIInterfaceOrientationLandscapeRight";
				LD_RUNPATH_SEARCH_PATHS = (
					"$(inherited)",
					"@executable_path/Frameworks",
				);
				MARKETING_VERSION = 1.0;
				PRODUCT_BUNDLE_IDENTIFIER = com.vbutko.AdaptingMultipleWindows;
				PRODUCT_NAME = "$(TARGET_NAME)";
				SUPPORTS_MACCATALYST = YES;
				SUPPORTS_MAC_DESIGNED_FOR_IPHONE_IPAD = NO;
				SWIFT_EMIT_LOC_STRINGS = YES;
				SWIFT_VERSION = 5.0;
				TARGETED_DEVICE_FAMILY = "1,2,6";
			};
			name = Release;
		};
/* End XCBuildConfiguration section */

/* Begin XCConfigurationList section */
		CDAD6BBC279473BD0072312D /* Build configuration list for PBXProject "AdaptingMultipleWindows" */ = {
			isa = XCConfigurationList;
			buildConfigurations = (
				CDAD6BD3279473BD0072312D /* Debug */,
				CDAD6BD4279473BD0072312D /* Release */,
			);
			defaultConfigurationIsVisible = 0;
			defaultConfigurationName = Release;
		};
		CDAD6BD5279473BD0072312D /* Build configuration list for PBXNativeTarget "AdaptingMultipleWindows" */ = {
			isa = XCConfigurationList;
			buildConfigurations = (
				CDAD6BD6279473BD0072312D /* Debug */,
				CDAD6BD7279473BD0072312D /* Release */,
			);
			defaultConfigurationIsVisible = 0;
			defaultConfigurationName = Release;
		};
/* End XCConfigurationList section */
	};
	rootObject = CDAD6BB9279473BD0072312D /* Project object */;
}
